
Microsoft Visual Studio Solution File, Format Version 12.00
# Visual Studio Version 17
VisualStudioVersion = 17.7.34221.43
MinimumVisualStudioVersion = 10.0.40219.1
Project("{FAE04EC0-301F-11D3-BF4B-00C04F79EFBC}") = "ConsoleApp1", "ConsoleApp1\ConsoleApp1.csproj", "{725567E5-C7A7-4E96-A2B8-D34F1058E379}"
EndProject
Global
	GlobalSection(SolutionConfigurationPlatforms) = preSolution
		Debug|Any CPU = Debug|Any CPU
		Release|Any CPU = Release|Any CPU
	EndGlobalSection
	GlobalSection(ProjectConfigurationPlatforms) = postSolution
		{725567E5-C7A7-4E96-A2B8-D34F1058E379}.Debug|Any CPU.ActiveCfg = Debug|Any CPU
		{725567E5-C7A7-4E96-A2B8-D34F1058E379}.Debug|Any CPU.Build.0 = Debug|Any CPU
		{725567E5-C7A7-4E96-A2B8-D34F1058E379}.Release|Any CPU.ActiveCfg = Release|Any CPU
		{725567E5-C7A7-4E96-A2B8-D34F1058E379}.Release|Any CPU.Build.0 = Release|Any CPU
	EndGlobalSection
	GlobalSection(SolutionProperties) = preSolution
		HideSolutionNode = FALSE
	EndGlobalSection
	GlobalSection(ExtensibilityGlobals) = postSolution
		SolutionGuid = {535D9218-D7B1-4E61-84AF-A8B507FBC481}
	EndGlobalSection
EndGlobal
